
Microsoft Visual Studio Solution File, Format Version 12.00
# Visual Studio Version 16
VisualStudioVersion = 16.0.31729.503
MinimumVisualStudioVersion = 10.0.40219.1
Project("{FAE04EC0-301F-11D3-BF4B-00C04F79EFBC}") = "Apetrea_Adelin", "Apetrea_Adelin\Apetrea_Adelin.csproj", "{C1787999-6291-4371-BE4A-C5A92CDF9200}"
EndProject
Global
	GlobalSection(SolutionConfigurationPlatforms) = preSolution
		Debug|Any CPU = Debug|Any CPU
		Release|Any CPU = Release|Any CPU
	EndGlobalSection
	GlobalSection(ProjectConfigurationPlatforms) = postSolution
		{C1787999-6291-4371-BE4A-C5A92CDF9200}.Debug|Any CPU.ActiveCfg = Debug|Any CPU
		{C1787999-6291-4371-BE4A-C5A92CDF9200}.Debug|Any CPU.Build.0 = Debug|Any CPU
		{C1787999-6291-4371-BE4A-C5A92CDF9200}.Release|Any CPU.ActiveCfg = Release|Any CPU
		{C1787999-6291-4371-BE4A-C5A92CDF9200}.Release|Any CPU.Build.0 = Release|Any CPU
	EndGlobalSection
	GlobalSection(SolutionProperties) = preSolution
		HideSolutionNode = FALSE
	EndGlobalSection
	GlobalSection(ExtensibilityGlobals) = postSolution
		SolutionGuid = {B39B624B-E582-4EDC-89B5-AA79ADC0C676}
	EndGlobalSection
EndGlobal
